{
  "name": "electron-react-boilerplate",
  "version": "0.13.2",
  "lockfileVersion": 1,
  "requires": true,
  "dependencies": {
    "hoist-non-react-statics": {
      "version": "2.5.0",
      "resolved": "https://registry.npmjs.org/hoist-non-react-statics/-/hoist-non-react-statics-2.5.0.tgz",
      "integrity": "sha512-6Bl6XsDT1ntE0lHbIhr4Kp2PGcleGZ66qu5Jqk8lc0Xc/IeG6gVLmwUGs/K0Us+L8VWoKgj0uWdPMataOsm31w=="
    },
    "mobx": {
      "version": "3.6.1",
      "resolved": "https://registry.npmjs.org/mobx/-/mobx-3.6.1.tgz",
      "integrity": "sha1-rmOo8A4UhadA0Pka4val9o4wO+o="
    },
    "mobx-react": {
      "version": "4.4.2",
      "resolved": "https://registry.npmjs.org/mobx-react/-/mobx-react-4.4.2.tgz",
      "integrity": "sha1-ItcQl0iD3hdjza/OMCVXCnnGQzY=",
      "requires": {
        "hoist-non-react-statics": "2.5.0"
      }
    },
    "mobx-react-devtools": {
      "version": "4.2.15",
      "resolved": "https://registry.npmjs.org/mobx-react-devtools/-/mobx-react-devtools-4.2.15.tgz",
      "integrity": "sha1-iBwDj7g9tN/9HnK7r1N00msv3rs=",
      "dev": true
    },
    "mobx-react-router": {
      "version": "4.0.1",
      "resolved": "https://registry.npmjs.org/mobx-react-router/-/mobx-react-router-4.0.1.tgz",
      "integrity": "sha1-cvZ7XGN9GHWVQVUA6K+lzdsiMas="
    },
    "ramda": {
      "version": "0.25.0",
      "resolved": "https://registry.npmjs.org/ramda/-/ramda-0.25.0.tgz",
      "integrity": "sha512-GXpfrYVPwx3K7RQ6aYT8KPS8XViSXUVJT1ONhoKPE9VAleW42YE+U+8VEyGWt41EnEQW7gwecYJriTI0pKoecQ=="
    }
  }
}
